
Microsoft Visual Studio Solution File, Format Version 12.00
# Visual Studio Version 16
VisualStudioVersion = 16.0.30011.22
MinimumVisualStudioVersion = 10.0.40219.1
Project("{888888A0-9F3D-457C-B088-3A5042F75D52}") = "the-prestige", "the-prestige.pyproj", "{2738449B-4B76-4ED0-AA18-3494AAA9E184}"
EndProject
Global
	GlobalSection(SolutionConfigurationPlatforms) = preSolution
		Debug|Any CPU = Debug|Any CPU
		Release|Any CPU = Release|Any CPU
	EndGlobalSection
	GlobalSection(ProjectConfigurationPlatforms) = postSolution
		{2738449B-4B76-4ED0-AA18-3494AAA9E184}.Debug|Any CPU.ActiveCfg = Debug|Any CPU
		{2738449B-4B76-4ED0-AA18-3494AAA9E184}.Release|Any CPU.ActiveCfg = Release|Any CPU
	EndGlobalSection
	GlobalSection(SolutionProperties) = preSolution
		HideSolutionNode = FALSE
	EndGlobalSection
	GlobalSection(ExtensibilityGlobals) = postSolution
		SolutionGuid = {6C5693B9-BDF4-4FAB-9AE1-A7180147DFC6}
	EndGlobalSection
EndGlobal
